
Microsoft Visual Studio Solution File, Format Version 12.00
# Visual Studio 2013
VisualStudioVersion = 12.0.30501.0
MinimumVisualStudioVersion = 10.0.40219.1
Project("{FAE04EC0-301F-11D3-BF4B-00C04F79EFBC}") = "Scientist", "Scientist\Scientist.csproj", "{BC3342A3-6FB7-474C-BFB2-DDD5AD905B16}"
EndProject
Project("{FAE04EC0-301F-11D3-BF4B-00C04F79EFBC}") = "ScientistTest", "ScientistTest\ScientistTest.csproj", "{69AA71E9-B486-46F2-BC5F-69428C1313BA}"
EndProject
Global
	GlobalSection(SolutionConfigurationPlatforms) = preSolution
		Debug|Any CPU = Debug|Any CPU
		Release|Any CPU = Release|Any CPU
	EndGlobalSection
	GlobalSection(ProjectConfigurationPlatforms) = postSolution
		{BC3342A3-6FB7-474C-BFB2-DDD5AD905B16}.Debug|Any CPU.ActiveCfg = Debug|Any CPU
		{BC3342A3-6FB7-474C-BFB2-DDD5AD905B16}.Debug|Any CPU.Build.0 = Debug|Any CPU
		{BC3342A3-6FB7-474C-BFB2-DDD5AD905B16}.Release|Any CPU.ActiveCfg = Release|Any CPU
		{BC3342A3-6FB7-474C-BFB2-DDD5AD905B16}.Release|Any CPU.Build.0 = Release|Any CPU
		{69AA71E9-B486-46F2-BC5F-69428C1313BA}.Debug|Any CPU.ActiveCfg = Debug|Any CPU
		{69AA71E9-B486-46F2-BC5F-69428C1313BA}.Debug|Any CPU.Build.0 = Debug|Any CPU
		{69AA71E9-B486-46F2-BC5F-69428C1313BA}.Release|Any CPU.ActiveCfg = Release|Any CPU
		{69AA71E9-B486-46F2-BC5F-69428C1313BA}.Release|Any CPU.Build.0 = Release|Any CPU
	EndGlobalSection
	GlobalSection(SolutionProperties) = preSolution
		HideSolutionNode = FALSE
	EndGlobalSection
EndGlobal
